
Microsoft Visual Studio Solution File, Format Version 12.00
# Visual Studio 15
VisualStudioVersion = 15.0.28307.572
MinimumVisualStudioVersion = 10.0.40219.1
Project("{FAE04EC0-301F-11D3-BF4B-00C04F79EFBC}") = "Aplikacja_Demo", "Aplikacja_Demo\Aplikacja_Demo.csproj", "{EA5CE410-30A7-48C9-9070-25C72DC149D4}"
EndProject
Global
	GlobalSection(SolutionConfigurationPlatforms) = preSolution
		Debug|Any CPU = Debug|Any CPU
		Release|Any CPU = Release|Any CPU
	EndGlobalSection
	GlobalSection(ProjectConfigurationPlatforms) = postSolution
		{EA5CE410-30A7-48C9-9070-25C72DC149D4}.Debug|Any CPU.ActiveCfg = Debug|Any CPU
		{EA5CE410-30A7-48C9-9070-25C72DC149D4}.Debug|Any CPU.Build.0 = Debug|Any CPU
		{EA5CE410-30A7-48C9-9070-25C72DC149D4}.Release|Any CPU.ActiveCfg = Release|Any CPU
		{EA5CE410-30A7-48C9-9070-25C72DC149D4}.Release|Any CPU.Build.0 = Release|Any CPU
	EndGlobalSection
	GlobalSection(SolutionProperties) = preSolution
		HideSolutionNode = FALSE
	EndGlobalSection
	GlobalSection(ExtensibilityGlobals) = postSolution
		SolutionGuid = {4D23EA20-5BE6-4E37-8825-53A297C99480}
	EndGlobalSection
EndGlobal
